{
  "projects": [
    {
      "projectId": "dnxpBTDaNBSNN5x6ghTdfE",
      "version": "latest",
      "dependencies": {},
      "lang": "ts",
      "fileLocks": [
        {
          "type": "globalVariant",
          "assetId": "yL8Oej7_xqX",
          "checksum": "9ec344e5b7f7f8176056a23a6591aa7e"
        },
        {
          "type": "renderModule",
          "assetId": "C7jFgbRyJxS",
          "checksum": "326dbd677e4f97a59842cf602fb8c287"
        },
        {
          "type": "cssRules",
          "assetId": "C7jFgbRyJxS",
          "checksum": "326dbd677e4f97a59842cf602fb8c287"
        },
        {
          "type": "renderModule",
          "assetId": "VpsA-3_ZgtJ",
          "checksum": "e35bee00acffeea71c41fc0e0eb26750"
        },
        {
          "type": "cssRules",
          "assetId": "VpsA-3_ZgtJ",
          "checksum": "e35bee00acffeea71c41fc0e0eb26750"
        },
        {
          "type": "renderModule",
          "assetId": "P3t1ysdnlIc",
          "checksum": "828b187bd99cbe7385cb430ae816b717"
        },
        {
          "type": "cssRules",
          "assetId": "P3t1ysdnlIc",
          "checksum": "828b187bd99cbe7385cb430ae816b717"
        },
        {
          "type": "renderModule",
          "assetId": "YD4BCNOdt6a",
          "checksum": "1d1cf56ab6852056f6c9d39fd8b306cf"
        },
        {
          "type": "cssRules",
          "assetId": "YD4BCNOdt6a",
          "checksum": "1d1cf56ab6852056f6c9d39fd8b306cf"
        },
        {
          "type": "renderModule",
          "assetId": "GoA4NafDjvA",
          "checksum": "7f0852b929ae18a48c2cdd017bd17a90"
        },
        {
          "type": "cssRules",
          "assetId": "GoA4NafDjvA",
          "checksum": "7f0852b929ae18a48c2cdd017bd17a90"
        },
        {
          "assetId": "dnxpBTDaNBSNN5x6ghTdfE",
          "type": "projectCss",
          "checksum": "c9352216da1a6e0d5e7c9838c50a711c"
        }
      ]
    }
  ],
  "cliVersion": "0.1.166"
}
